
Microsoft Visual Studio Solution File, Format Version 12.00
# Visual Studio 15
VisualStudioVersion = 15.0.28010.2050
MinimumVisualStudioVersion = 10.0.40219.1
Project("{FAE04EC0-301F-11D3-BF4B-00C04F79EFBC}") = "apibg", "apibg\apibg.csproj", "{EDBC4A62-3810-4BD6-B6E4-2C57807230CD}"
EndProject
Global
	GlobalSection(SolutionConfigurationPlatforms) = preSolution
		Debug|Any CPU = Debug|Any CPU
		Release|Any CPU = Release|Any CPU
	EndGlobalSection
	GlobalSection(ProjectConfigurationPlatforms) = postSolution
		{EDBC4A62-3810-4BD6-B6E4-2C57807230CD}.Debug|Any CPU.ActiveCfg = Debug|Any CPU
		{EDBC4A62-3810-4BD6-B6E4-2C57807230CD}.Debug|Any CPU.Build.0 = Debug|Any CPU
		{EDBC4A62-3810-4BD6-B6E4-2C57807230CD}.Release|Any CPU.ActiveCfg = Release|Any CPU
		{EDBC4A62-3810-4BD6-B6E4-2C57807230CD}.Release|Any CPU.Build.0 = Release|Any CPU
	EndGlobalSection
	GlobalSection(SolutionProperties) = preSolution
		HideSolutionNode = FALSE
	EndGlobalSection
	GlobalSection(ExtensibilityGlobals) = postSolution
		SolutionGuid = {A1039037-AA49-4D3A-9B67-1526022D28B3}
	EndGlobalSection
EndGlobal
